
Microsoft Visual Studio Solution File, Format Version 12.00
# Visual Studio Version 16
VisualStudioVersion = 16.0.31702.278
MinimumVisualStudioVersion = 10.0.40219.1
Project("{FAE04EC0-301F-11D3-BF4B-00C04F79EFBC}") = "GALGmain", "GALGmain\GALGmain.csproj", "{FEEAD3B4-6F65-47A1-AC38-5780CCD599F1}"
EndProject
Global
	GlobalSection(SolutionConfigurationPlatforms) = preSolution
		Debug|Any CPU = Debug|Any CPU
		Release|Any CPU = Release|Any CPU
	EndGlobalSection
	GlobalSection(ProjectConfigurationPlatforms) = postSolution
		{FEEAD3B4-6F65-47A1-AC38-5780CCD599F1}.Debug|Any CPU.ActiveCfg = Debug|Any CPU
		{FEEAD3B4-6F65-47A1-AC38-5780CCD599F1}.Debug|Any CPU.Build.0 = Debug|Any CPU
		{FEEAD3B4-6F65-47A1-AC38-5780CCD599F1}.Release|Any CPU.ActiveCfg = Release|Any CPU
		{FEEAD3B4-6F65-47A1-AC38-5780CCD599F1}.Release|Any CPU.Build.0 = Release|Any CPU
	EndGlobalSection
	GlobalSection(SolutionProperties) = preSolution
		HideSolutionNode = FALSE
	EndGlobalSection
	GlobalSection(ExtensibilityGlobals) = postSolution
		SolutionGuid = {6E417C18-041E-40C1-B615-BD5B0588D43B}
	EndGlobalSection
EndGlobal
